
Microsoft Visual Studio Solution File, Format Version 12.00
# Visual Studio Version 16
VisualStudioVersion = 16.0.29728.190
MinimumVisualStudioVersion = 10.0.40219.1
Project("{FAE04EC0-301F-11D3-BF4B-00C04F79EFBC}") = "jhjhv.Server", "Server\jhjhv.Server.csproj", "{15A53494-489A-4350-BADC-C29F615F6E4B}"
EndProject
Project("{FAE04EC0-301F-11D3-BF4B-00C04F79EFBC}") = "jhjhv.Client", "Client\jhjhv.Client.csproj", "{B25071F4-0C94-4DD5-9619-D32332B077D2}"
EndProject
Project("{FAE04EC0-301F-11D3-BF4B-00C04F79EFBC}") = "jhjhv.Shared", "Shared\jhjhv.Shared.csproj", "{12E68805-6D44-4A89-B5F8-051FB77B94D1}"
EndProject
Global
	GlobalSection(SolutionConfigurationPlatforms) = preSolution
		Debug|Any CPU = Debug|Any CPU
		Release|Any CPU = Release|Any CPU
	EndGlobalSection
	GlobalSection(ProjectConfigurationPlatforms) = postSolution
		{15A53494-489A-4350-BADC-C29F615F6E4B}.Debug|Any CPU.ActiveCfg = Debug|Any CPU
		{15A53494-489A-4350-BADC-C29F615F6E4B}.Debug|Any CPU.Build.0 = Debug|Any CPU
		{15A53494-489A-4350-BADC-C29F615F6E4B}.Release|Any CPU.ActiveCfg = Release|Any CPU
		{15A53494-489A-4350-BADC-C29F615F6E4B}.Release|Any CPU.Build.0 = Release|Any CPU
		{B25071F4-0C94-4DD5-9619-D32332B077D2}.Debug|Any CPU.ActiveCfg = Debug|Any CPU
		{B25071F4-0C94-4DD5-9619-D32332B077D2}.Debug|Any CPU.Build.0 = Debug|Any CPU
		{B25071F4-0C94-4DD5-9619-D32332B077D2}.Release|Any CPU.ActiveCfg = Release|Any CPU
		{B25071F4-0C94-4DD5-9619-D32332B077D2}.Release|Any CPU.Build.0 = Release|Any CPU
		{12E68805-6D44-4A89-B5F8-051FB77B94D1}.Debug|Any CPU.ActiveCfg = Debug|Any CPU
		{12E68805-6D44-4A89-B5F8-051FB77B94D1}.Debug|Any CPU.Build.0 = Debug|Any CPU
		{12E68805-6D44-4A89-B5F8-051FB77B94D1}.Release|Any CPU.ActiveCfg = Release|Any CPU
		{12E68805-6D44-4A89-B5F8-051FB77B94D1}.Release|Any CPU.Build.0 = Release|Any CPU
	EndGlobalSection
	GlobalSection(SolutionProperties) = preSolution
		HideSolutionNode = FALSE
	EndGlobalSection
	GlobalSection(ExtensibilityGlobals) = postSolution
		SolutionGuid = {CCD6D620-1A77-4241-BB6D-18B9F677B704}
	EndGlobalSection
EndGlobal
